
Microsoft Visual Studio Solution File, Format Version 12.00
# Visual Studio Version 16
VisualStudioVersion = 16.0.31624.102
MinimumVisualStudioVersion = 10.0.40219.1
Project("{FAE04EC0-301F-11D3-BF4B-00C04F79EFBC}") = "EmployeeDetails", "EmployeeDetails\EmployeeDetails.csproj", "{9B485E32-36D4-4A99-B87F-A8C93012F0A9}"
EndProject
Global
	GlobalSection(SolutionConfigurationPlatforms) = preSolution
		Debug|Any CPU = Debug|Any CPU
		Release|Any CPU = Release|Any CPU
	EndGlobalSection
	GlobalSection(ProjectConfigurationPlatforms) = postSolution
		{9B485E32-36D4-4A99-B87F-A8C93012F0A9}.Debug|Any CPU.ActiveCfg = Debug|Any CPU
		{9B485E32-36D4-4A99-B87F-A8C93012F0A9}.Debug|Any CPU.Build.0 = Debug|Any CPU
		{9B485E32-36D4-4A99-B87F-A8C93012F0A9}.Release|Any CPU.ActiveCfg = Release|Any CPU
		{9B485E32-36D4-4A99-B87F-A8C93012F0A9}.Release|Any CPU.Build.0 = Release|Any CPU
	EndGlobalSection
	GlobalSection(SolutionProperties) = preSolution
		HideSolutionNode = FALSE
	EndGlobalSection
	GlobalSection(ExtensibilityGlobals) = postSolution
		SolutionGuid = {045A51A9-EC15-4F0E-86E2-B3AAE21B1C2A}
	EndGlobalSection
EndGlobal
